
Microsoft Visual Studio Solution File, Format Version 12.00
# Visual Studio 14
VisualStudioVersion = 14.0.24720.0
MinimumVisualStudioVersion = 10.0.40219.1
Project("{2150E333-8FDC-42A3-9474-1A3956D46DE8}") = "Merge", "Merge", "{267A52F1-0C75-4EEE-8452-C8A6DC3FAC6C}"
EndProject
Project("{2150E333-8FDC-42A3-9474-1A3956D46DE8}") = ".Test", ".Test", "{9A90C098-0101-4C8E-ACED-6195397F193E}"
EndProject
Project("{2150E333-8FDC-42A3-9474-1A3956D46DE8}") = "Merge", "Merge", "{7991F354-4F3E-4033-8016-BA4E568002DC}"
EndProject
Project("{2150E333-8FDC-42A3-9474-1A3956D46DE8}") = "VSPackage", "VSPackage", "{BCE31748-0542-4EB2-BFA1-ABDB73D568AE}"
EndProject
Project("{2150E333-8FDC-42A3-9474-1A3956D46DE8}") = "Common", "Common", "{FA378D3A-6112-4268-AC8B-30DFF09689CF}"
EndProject
Project("{2150E333-8FDC-42A3-9474-1A3956D46DE8}") = "Common", "Common", "{9B39C8C5-7C84-4E86-98B4-749A897A7B65}"
EndProject
Project("{2150E333-8FDC-42A3-9474-1A3956D46DE8}") = "NameConstraints", "NameConstraints", "{DE72FFC0-5479-4D95-8E6F-4C1ACBE2E6CA}"
EndProject
Project("{2150E333-8FDC-42A3-9474-1A3956D46DE8}") = "NameConstraints", "NameConstraints", "{D49C24B8-62AE-4783-A6B8-D3C7F4DB1EC8}"
EndProject
Project("{2150E333-8FDC-42A3-9474-1A3956D46DE8}") = "tSQLtStubber", "tSQLtStubber", "{AEBDFD2A-E81C-428F-8183-F867EA326302}"
EndProject
Project("{2150E333-8FDC-42A3-9474-1A3956D46DE8}") = "QueryCosts", "QueryCosts", "{3B3C82D4-323A-486B-9891-9BF0611C2C4D}"
EndProject
Project("{2150E333-8FDC-42A3-9474-1A3956D46DE8}") = "QueryCosts", "QueryCosts", "{F6DAB819-6CE1-4B68-B17A-A4C19A5BFCF3}"
EndProject
Project("{2150E333-8FDC-42A3-9474-1A3956D46DE8}") = "QuickDeploy", "QuickDeploy", "{E243C354-9615-49DC-8B5E-06A6BE9A844B}"
EndProject
Project("{2150E333-8FDC-42A3-9474-1A3956D46DE8}") = "Formatting", "Formatting", "{E9DB681B-A6F3-4F82-A8C3-121AC257FC00}"
EndProject
Project("{2150E333-8FDC-42A3-9474-1A3956D46DE8}") = "Extraction", "Extraction", "{2D000B28-6C81-4CD4-B863-ED14A239C1D1}"
EndProject
Project("{2150E333-8FDC-42A3-9474-1A3956D46DE8}") = "Indexes", "Indexes", "{4673179F-A739-4669-A4BF-510EC72CD692}"
EndProject
Project("{2150E333-8FDC-42A3-9474-1A3956D46DE8}") = "Clippy", "Clippy", "{F689D4EA-0D04-4338-8912-6A310F1E1036}"
EndProject
Project("{2150E333-8FDC-42A3-9474-1A3956D46DE8}") = "TestProjects", "TestProjects", "{B807E65A-A87C-47AF-8BAA-CC4519383DD9}"
EndProject
Project("{FAE04EC0-301F-11D3-BF4B-00C04F79EFBC}") = "SSDTDevPack.Merge", "SSDTDevPack.Merge.csproj", "{EF0F4A6D-68A4-4745-A3D5-2118A1608721}"
EndProject
Project("{FAE04EC0-301F-11D3-BF4B-00C04F79EFBC}") = "SSDTDevPack.Merge.UnitTests", "..\..\..\Test\Merge\SSDTDevPack.Merge.UnitTests\SSDTDevPack.Merge.UnitTests.csproj", "{7918DB31-5F79-496F-A042-095B81FDFEA5}"
EndProject
Project("{FAE04EC0-301F-11D3-BF4B-00C04F79EFBC}") = "WinFormHost.Merge", "..\..\..\Test\Merge\WinFormHost.Merge\WinFormHost.Merge.csproj", "{C0F32A92-D9DC-4C86-9648-773D9DC74107}"
EndProject
Project("{FAE04EC0-301F-11D3-BF4B-00C04F79EFBC}") = "SSDTDevPack.Common", "..\..\..\Common\src\SSDTDevPack.Common\SSDTDevPack.Common.csproj", "{D6638892-5597-40C3-916A-E020871F7077}"
EndProject
Project("{FAE04EC0-301F-11D3-BF4B-00C04F79EFBC}") = "SSDTDevPack.Common.UnitTests", "..\..\..\Test\Common\SSDTDevPack.Common.UnitTests\SSDTDevPack.Common.UnitTests.csproj", "{1E06CB0E-0311-45A5-8F6F-7E0E5AB3F8DE}"
EndProject
Project("{FAE04EC0-301F-11D3-BF4B-00C04F79EFBC}") = "SSDTDevPack.Common.IntegrationTests", "..\..\..\Test\Common\SSDTDevPack.Common.IntegrationTests\SSDTDevPack.Common.IntegrationTests.csproj", "{75EFA0B2-5CDE-44A9-A3A7-92D1951F42DC}"
EndProject
Project("{FAE04EC0-301F-11D3-BF4B-00C04F79EFBC}") = "SSDTDevPack.VSPackage", "..\SSDTDevPack.VSPackage\SSDTDevPack.VSPackage.csproj", "{56ADCEA8-F366-4CD5-ACB2-1AF0E5E31896}"
EndProject
Project("{FAE04EC0-301F-11D3-BF4B-00C04F79EFBC}") = "SSDTDevPack.Logging", "..\..\..\Common\src\SSDTDevPack.Logging\SSDTDevPack.Logging.csproj", "{F54FDAD9-CD38-4142-BF69-4E1CE83D364A}"
EndProject
Project("{FAE04EC0-301F-11D3-BF4B-00C04F79EFBC}") = "SqlConnectionTest", "..\..\..\Test\Common\SqlConnectionTest\SqlConnectionTest.csproj", "{C8DD4334-E686-473C-A603-954CE644D4D0}"
EndProject
Project("{FAE04EC0-301F-11D3-BF4B-00C04F79EFBC}") = "SSDTDevPack.NameConstraints", "..\..\..\NameConstraints\src\SSDTDevPack.NameConstraints\SSDTDevPack.NameConstraints.csproj", "{289C1F12-3F83-4061-B88E-04493B015102}"
EndProject
Project("{00D1A9C2-B5F0-4AF3-8072-F6C62B433612}") = "ProjectWithConstraints", "..\..\..\Test\NameConstraints\ProjectWithConstraints\ProjectWithConstraints.sqlproj", "{52FA5B53-4761-44B0-8C1B-7218EE8A9594}"
EndProject
Project("{FAE04EC0-301F-11D3-BF4B-00C04F79EFBC}") = "NameConstraints.IntegrationTests", "..\..\..\Test\NameConstraints\NameConstraints.IntegrationTests\NameConstraints.IntegrationTests.csproj", "{EBD5DAE2-030E-4616-B6BB-B47101E9C8C1}"
EndProject
Project("{FAE04EC0-301F-11D3-BF4B-00C04F79EFBC}") = "SSDTDevPack.tSQLtStubber", "..\..\..\tSQLtStubber\SSDTDevPack.tSQLtStubber\SSDTDevPack.tSQLtStubber.csproj", "{570FE172-C718-4904-849D-641BB7395BD4}"
EndProject
Project("{FAE04EC0-301F-11D3-BF4B-00C04F79EFBC}") = "SSDTDevPack.QueryCosts", "..\..\..\SSDTDevPack.QueryCosts\SSDTDevPack.QueryCosts.csproj", "{4B9FDC90-6AF3-4CE8-90DF-4B5FB854A357}"
EndProject
Project("{FAE04EC0-301F-11D3-BF4B-00C04F79EFBC}") = "SSDTDevPack.QueryCosts.UnitTests", "..\..\..\Test\QueryCost\SSDTDevPack.QueryCosts.UnitTests\SSDTDevPack.QueryCosts.UnitTests.csproj", "{F26271B2-E4B3-4D01-9E46-F1BB75336CBA}"
EndProject
Project("{FAE04EC0-301F-11D3-BF4B-00C04F79EFBC}") = "SSDTDevPack.QuickDeploy", "..\..\..\SSDTDevPack.QuickDeploy\SSDTDevPack.QuickDeploy.csproj", "{B8718439-7ACF-4828-8559-D3B036AA48CC}"
EndProject
Project("{FAE04EC0-301F-11D3-BF4B-00C04F79EFBC}") = "SSDTDevPack.Formatting", "..\..\..\SSDTDevPack.Formatting\SSDTDevPack.Formatting.csproj", "{BE989570-115B-4961-8E46-1A2D0419EC80}"
EndProject
Project("{FAE04EC0-301F-11D3-BF4B-00C04F79EFBC}") = "SSDTDevPack.Extraction", "..\..\..\SSDTDevPack.Extraction\SSDTDevPack.Extraction.csproj", "{9E202C62-FEAD-4622-9803-51B35423CEF4}"
EndProject
Project("{FAE04EC0-301F-11D3-BF4B-00C04F79EFBC}") = "SSDTDevPack.Rewriter", "..\SSDTDevPack.Indexes\SSDTDevPack.Rewriter.csproj", "{94813D75-0291-450F-A7BD-D3161FF4A2CB}"
EndProject
Project("{FAE04EC0-301F-11D3-BF4B-00C04F79EFBC}") = "SSDTDevPack.Clippy", "..\..\..\SSDTDevPack.Clippy\SSDTDevPack.Clippy.csproj", "{39260B5D-306E-469B-BAE5-58C088BDD447}"
EndProject
Project("{00D1A9C2-B5F0-4AF3-8072-F6C62B433612}") = "Nested", "..\..\..\Test\Common\SampleSolutions\NestedProjects\Nested\Nested.sqlproj", "{5A32B58D-1E86-409A-8258-AEA0F0A07123}"
EndProject
Project("{2150E333-8FDC-42A3-9474-1A3956D46DE8}") = "CodeCoverage", "CodeCoverage", "{60440AF9-3F82-49BB-9325-61270403ABED}"
EndProject
Project("{FAE04EC0-301F-11D3-BF4B-00C04F79EFBC}") = "SSDTDevPack.CodeCoverage", "..\..\..\SSDTDevPack.CodeCoverage\SSDTDevPack.CodeCoverage.csproj", "{6BCAF9C4-F47C-4B0D-BE37-063EEC1A11D2}"
EndProject
Project("{FAE04EC0-301F-11D3-BF4B-00C04F79EFBC}") = "SSDTDevPacl.CCover", "..\..\..\SSDTDevPack.CCover\SSDTDevPack.CCover.csproj", "{F9577A2E-2D01-4419-979E-0A85A425C404}"
EndProject
Global
	GlobalSection(SolutionConfigurationPlatforms) = preSolution
		Debug|Any CPU = Debug|Any CPU
		Release|Any CPU = Release|Any CPU
	EndGlobalSection
	GlobalSection(ProjectConfigurationPlatforms) = postSolution
		{EF0F4A6D-68A4-4745-A3D5-2118A1608721}.Debug|Any CPU.ActiveCfg = Debug|Any CPU
		{EF0F4A6D-68A4-4745-A3D5-2118A1608721}.Debug|Any CPU.Build.0 = Debug|Any CPU
		{EF0F4A6D-68A4-4745-A3D5-2118A1608721}.Release|Any CPU.ActiveCfg = Release|Any CPU
		{EF0F4A6D-68A4-4745-A3D5-2118A1608721}.Release|Any CPU.Build.0 = Release|Any CPU
		{7918DB31-5F79-496F-A042-095B81FDFEA5}.Debug|Any CPU.ActiveCfg = Debug|Any CPU
		{7918DB31-5F79-496F-A042-095B81FDFEA5}.Debug|Any CPU.Build.0 = Debug|Any CPU
		{7918DB31-5F79-496F-A042-095B81FDFEA5}.Release|Any CPU.ActiveCfg = Release|Any CPU
		{7918DB31-5F79-496F-A042-095B81FDFEA5}.Release|Any CPU.Build.0 = Release|Any CPU
		{C0F32A92-D9DC-4C86-9648-773D9DC74107}.Debug|Any CPU.ActiveCfg = Debug|Any CPU
		{C0F32A92-D9DC-4C86-9648-773D9DC74107}.Debug|Any CPU.Build.0 = Debug|Any CPU
		{C0F32A92-D9DC-4C86-9648-773D9DC74107}.Release|Any CPU.ActiveCfg = Release|Any CPU
		{C0F32A92-D9DC-4C86-9648-773D9DC74107}.Release|Any CPU.Build.0 = Release|Any CPU
		{D6638892-5597-40C3-916A-E020871F7077}.Debug|Any CPU.ActiveCfg = Debug|Any CPU
		{D6638892-5597-40C3-916A-E020871F7077}.Debug|Any CPU.Build.0 = Debug|Any CPU
		{D6638892-5597-40C3-916A-E020871F7077}.Release|Any CPU.ActiveCfg = Release|Any CPU
		{D6638892-5597-40C3-916A-E020871F7077}.Release|Any CPU.Build.0 = Release|Any CPU
		{1E06CB0E-0311-45A5-8F6F-7E0E5AB3F8DE}.Debug|Any CPU.ActiveCfg = Debug|Any CPU
		{1E06CB0E-0311-45A5-8F6F-7E0E5AB3F8DE}.Debug|Any CPU.Build.0 = Debug|Any CPU
		{1E06CB0E-0311-45A5-8F6F-7E0E5AB3F8DE}.Release|Any CPU.ActiveCfg = Release|Any CPU
		{1E06CB0E-0311-45A5-8F6F-7E0E5AB3F8DE}.Release|Any CPU.Build.0 = Release|Any CPU
		{75EFA0B2-5CDE-44A9-A3A7-92D1951F42DC}.Debug|Any CPU.ActiveCfg = Debug|Any CPU
		{75EFA0B2-5CDE-44A9-A3A7-92D1951F42DC}.Debug|Any CPU.Build.0 = Debug|Any CPU
		{75EFA0B2-5CDE-44A9-A3A7-92D1951F42DC}.Release|Any CPU.ActiveCfg = Release|Any CPU
		{75EFA0B2-5CDE-44A9-A3A7-92D1951F42DC}.Release|Any CPU.Build.0 = Release|Any CPU
		{56ADCEA8-F366-4CD5-ACB2-1AF0E5E31896}.Debug|Any CPU.ActiveCfg = Debug|Any CPU
		{56ADCEA8-F366-4CD5-ACB2-1AF0E5E31896}.Debug|Any CPU.Build.0 = Debug|Any CPU
		{56ADCEA8-F366-4CD5-ACB2-1AF0E5E31896}.Release|Any CPU.ActiveCfg = Release|Any CPU
		{56ADCEA8-F366-4CD5-ACB2-1AF0E5E31896}.Release|Any CPU.Build.0 = Release|Any CPU
		{F54FDAD9-CD38-4142-BF69-4E1CE83D364A}.Debug|Any CPU.ActiveCfg = Debug|Any CPU
		{F54FDAD9-CD38-4142-BF69-4E1CE83D364A}.Debug|Any CPU.Build.0 = Debug|Any CPU
		{F54FDAD9-CD38-4142-BF69-4E1CE83D364A}.Release|Any CPU.ActiveCfg = Release|Any CPU
		{F54FDAD9-CD38-4142-BF69-4E1CE83D364A}.Release|Any CPU.Build.0 = Release|Any CPU
		{C8DD4334-E686-473C-A603-954CE644D4D0}.Debug|Any CPU.ActiveCfg = Debug|Any CPU
		{C8DD4334-E686-473C-A603-954CE644D4D0}.Debug|Any CPU.Build.0 = Debug|Any CPU
		{C8DD4334-E686-473C-A603-954CE644D4D0}.Release|Any CPU.ActiveCfg = Release|Any CPU
		{C8DD4334-E686-473C-A603-954CE644D4D0}.Release|Any CPU.Build.0 = Release|Any CPU
		{289C1F12-3F83-4061-B88E-04493B015102}.Debug|Any CPU.ActiveCfg = Debug|Any CPU
		{289C1F12-3F83-4061-B88E-04493B015102}.Debug|Any CPU.Build.0 = Debug|Any CPU
		{289C1F12-3F83-4061-B88E-04493B015102}.Release|Any CPU.ActiveCfg = Release|Any CPU
		{289C1F12-3F83-4061-B88E-04493B015102}.Release|Any CPU.Build.0 = Release|Any CPU
		{52FA5B53-4761-44B0-8C1B-7218EE8A9594}.Debug|Any CPU.ActiveCfg = Debug|Any CPU
		{52FA5B53-4761-44B0-8C1B-7218EE8A9594}.Debug|Any CPU.Build.0 = Debug|Any CPU
		{52FA5B53-4761-44B0-8C1B-7218EE8A9594}.Debug|Any CPU.Deploy.0 = Debug|Any CPU
		{52FA5B53-4761-44B0-8C1B-7218EE8A9594}.Release|Any CPU.ActiveCfg = Release|Any CPU
		{52FA5B53-4761-44B0-8C1B-7218EE8A9594}.Release|Any CPU.Build.0 = Release|Any CPU
		{52FA5B53-4761-44B0-8C1B-7218EE8A9594}.Release|Any CPU.Deploy.0 = Release|Any CPU
		{EBD5DAE2-030E-4616-B6BB-B47101E9C8C1}.Debug|Any CPU.ActiveCfg = Debug|Any CPU
		{EBD5DAE2-030E-4616-B6BB-B47101E9C8C1}.Debug|Any CPU.Build.0 = Debug|Any CPU
		{EBD5DAE2-030E-4616-B6BB-B47101E9C8C1}.Release|Any CPU.ActiveCfg = Release|Any CPU
		{EBD5DAE2-030E-4616-B6BB-B47101E9C8C1}.Release|Any CPU.Build.0 = Release|Any CPU
		{570FE172-C718-4904-849D-641BB7395BD4}.Debug|Any CPU.ActiveCfg = Debug|Any CPU
		{570FE172-C718-4904-849D-641BB7395BD4}.Debug|Any CPU.Build.0 = Debug|Any CPU
		{570FE172-C718-4904-849D-641BB7395BD4}.Release|Any CPU.ActiveCfg = Release|Any CPU
		{570FE172-C718-4904-849D-641BB7395BD4}.Release|Any CPU.Build.0 = Release|Any CPU
		{4B9FDC90-6AF3-4CE8-90DF-4B5FB854A357}.Debug|Any CPU.ActiveCfg = Debug|Any CPU
		{4B9FDC90-6AF3-4CE8-90DF-4B5FB854A357}.Debug|Any CPU.Build.0 = Debug|Any CPU
		{4B9FDC90-6AF3-4CE8-90DF-4B5FB854A357}.Release|Any CPU.ActiveCfg = Release|Any CPU
		{4B9FDC90-6AF3-4CE8-90DF-4B5FB854A357}.Release|Any CPU.Build.0 = Release|Any CPU
		{F26271B2-E4B3-4D01-9E46-F1BB75336CBA}.Debug|Any CPU.ActiveCfg = Debug|Any CPU
		{F26271B2-E4B3-4D01-9E46-F1BB75336CBA}.Debug|Any CPU.Build.0 = Debug|Any CPU
		{F26271B2-E4B3-4D01-9E46-F1BB75336CBA}.Release|Any CPU.ActiveCfg = Release|Any CPU
		{F26271B2-E4B3-4D01-9E46-F1BB75336CBA}.Release|Any CPU.Build.0 = Release|Any CPU
		{B8718439-7ACF-4828-8559-D3B036AA48CC}.Debug|Any CPU.ActiveCfg = Debug|Any CPU
		{B8718439-7ACF-4828-8559-D3B036AA48CC}.Debug|Any CPU.Build.0 = Debug|Any CPU
		{B8718439-7ACF-4828-8559-D3B036AA48CC}.Release|Any CPU.ActiveCfg = Release|Any CPU
		{B8718439-7ACF-4828-8559-D3B036AA48CC}.Release|Any CPU.Build.0 = Release|Any CPU
		{BE989570-115B-4961-8E46-1A2D0419EC80}.Debug|Any CPU.ActiveCfg = Debug|Any CPU
		{BE989570-115B-4961-8E46-1A2D0419EC80}.Debug|Any CPU.Build.0 = Debug|Any CPU
		{BE989570-115B-4961-8E46-1A2D0419EC80}.Release|Any CPU.ActiveCfg = Release|Any CPU
		{BE989570-115B-4961-8E46-1A2D0419EC80}.Release|Any CPU.Build.0 = Release|Any CPU
		{9E202C62-FEAD-4622-9803-51B35423CEF4}.Debug|Any CPU.ActiveCfg = Debug|Any CPU
		{9E202C62-FEAD-4622-9803-51B35423CEF4}.Debug|Any CPU.Build.0 = Debug|Any CPU
		{9E202C62-FEAD-4622-9803-51B35423CEF4}.Release|Any CPU.ActiveCfg = Release|Any CPU
		{9E202C62-FEAD-4622-9803-51B35423CEF4}.Release|Any CPU.Build.0 = Release|Any CPU
		{94813D75-0291-450F-A7BD-D3161FF4A2CB}.Debug|Any CPU.ActiveCfg = Debug|Any CPU
		{94813D75-0291-450F-A7BD-D3161FF4A2CB}.Debug|Any CPU.Build.0 = Debug|Any CPU
		{94813D75-0291-450F-A7BD-D3161FF4A2CB}.Release|Any CPU.ActiveCfg = Release|Any CPU
		{94813D75-0291-450F-A7BD-D3161FF4A2CB}.Release|Any CPU.Build.0 = Release|Any CPU
		{39260B5D-306E-469B-BAE5-58C088BDD447}.Debug|Any CPU.ActiveCfg = Debug|Any CPU
		{39260B5D-306E-469B-BAE5-58C088BDD447}.Debug|Any CPU.Build.0 = Debug|Any CPU
		{39260B5D-306E-469B-BAE5-58C088BDD447}.Release|Any CPU.ActiveCfg = Release|Any CPU
		{39260B5D-306E-469B-BAE5-58C088BDD447}.Release|Any CPU.Build.0 = Release|Any CPU
		{5A32B58D-1E86-409A-8258-AEA0F0A07123}.Debug|Any CPU.ActiveCfg = Debug|Any CPU
		{5A32B58D-1E86-409A-8258-AEA0F0A07123}.Debug|Any CPU.Build.0 = Debug|Any CPU
		{5A32B58D-1E86-409A-8258-AEA0F0A07123}.Debug|Any CPU.Deploy.0 = Debug|Any CPU
		{5A32B58D-1E86-409A-8258-AEA0F0A07123}.Release|Any CPU.ActiveCfg = Release|Any CPU
		{5A32B58D-1E86-409A-8258-AEA0F0A07123}.Release|Any CPU.Build.0 = Release|Any CPU
		{5A32B58D-1E86-409A-8258-AEA0F0A07123}.Release|Any CPU.Deploy.0 = Release|Any CPU
		{6BCAF9C4-F47C-4B0D-BE37-063EEC1A11D2}.Debug|Any CPU.ActiveCfg = Debug|Any CPU
		{6BCAF9C4-F47C-4B0D-BE37-063EEC1A11D2}.Debug|Any CPU.Build.0 = Debug|Any CPU
		{6BCAF9C4-F47C-4B0D-BE37-063EEC1A11D2}.Release|Any CPU.ActiveCfg = Release|Any CPU
		{6BCAF9C4-F47C-4B0D-BE37-063EEC1A11D2}.Release|Any CPU.Build.0 = Release|Any CPU
		{F9577A2E-2D01-4419-979E-0A85A425C404}.Debug|Any CPU.ActiveCfg = Debug|Any CPU
		{F9577A2E-2D01-4419-979E-0A85A425C404}.Debug|Any CPU.Build.0 = Debug|Any CPU
		{F9577A2E-2D01-4419-979E-0A85A425C404}.Release|Any CPU.ActiveCfg = Release|Any CPU
		{F9577A2E-2D01-4419-979E-0A85A425C404}.Release|Any CPU.Build.0 = Release|Any CPU
	EndGlobalSection
	GlobalSection(SolutionProperties) = preSolution
		HideSolutionNode = FALSE
	EndGlobalSection
	GlobalSection(NestedProjects) = preSolution
		{7991F354-4F3E-4033-8016-BA4E568002DC} = {9A90C098-0101-4C8E-ACED-6195397F193E}
		{9B39C8C5-7C84-4E86-98B4-749A897A7B65} = {9A90C098-0101-4C8E-ACED-6195397F193E}
		{D49C24B8-62AE-4783-A6B8-D3C7F4DB1EC8} = {9A90C098-0101-4C8E-ACED-6195397F193E}
		{F6DAB819-6CE1-4B68-B17A-A4C19A5BFCF3} = {9A90C098-0101-4C8E-ACED-6195397F193E}
		{B807E65A-A87C-47AF-8BAA-CC4519383DD9} = {9A90C098-0101-4C8E-ACED-6195397F193E}
		{EF0F4A6D-68A4-4745-A3D5-2118A1608721} = {267A52F1-0C75-4EEE-8452-C8A6DC3FAC6C}
		{7918DB31-5F79-496F-A042-095B81FDFEA5} = {7991F354-4F3E-4033-8016-BA4E568002DC}
		{C0F32A92-D9DC-4C86-9648-773D9DC74107} = {7991F354-4F3E-4033-8016-BA4E568002DC}
		{D6638892-5597-40C3-916A-E020871F7077} = {FA378D3A-6112-4268-AC8B-30DFF09689CF}
		{1E06CB0E-0311-45A5-8F6F-7E0E5AB3F8DE} = {9B39C8C5-7C84-4E86-98B4-749A897A7B65}
		{75EFA0B2-5CDE-44A9-A3A7-92D1951F42DC} = {9B39C8C5-7C84-4E86-98B4-749A897A7B65}
		{56ADCEA8-F366-4CD5-ACB2-1AF0E5E31896} = {BCE31748-0542-4EB2-BFA1-ABDB73D568AE}
		{F54FDAD9-CD38-4142-BF69-4E1CE83D364A} = {FA378D3A-6112-4268-AC8B-30DFF09689CF}
		{C8DD4334-E686-473C-A603-954CE644D4D0} = {9B39C8C5-7C84-4E86-98B4-749A897A7B65}
		{289C1F12-3F83-4061-B88E-04493B015102} = {DE72FFC0-5479-4D95-8E6F-4C1ACBE2E6CA}
		{52FA5B53-4761-44B0-8C1B-7218EE8A9594} = {D49C24B8-62AE-4783-A6B8-D3C7F4DB1EC8}
		{EBD5DAE2-030E-4616-B6BB-B47101E9C8C1} = {D49C24B8-62AE-4783-A6B8-D3C7F4DB1EC8}
		{570FE172-C718-4904-849D-641BB7395BD4} = {AEBDFD2A-E81C-428F-8183-F867EA326302}
		{4B9FDC90-6AF3-4CE8-90DF-4B5FB854A357} = {3B3C82D4-323A-486B-9891-9BF0611C2C4D}
		{F26271B2-E4B3-4D01-9E46-F1BB75336CBA} = {F6DAB819-6CE1-4B68-B17A-A4C19A5BFCF3}
		{B8718439-7ACF-4828-8559-D3B036AA48CC} = {E243C354-9615-49DC-8B5E-06A6BE9A844B}
		{BE989570-115B-4961-8E46-1A2D0419EC80} = {E9DB681B-A6F3-4F82-A8C3-121AC257FC00}
		{9E202C62-FEAD-4622-9803-51B35423CEF4} = {2D000B28-6C81-4CD4-B863-ED14A239C1D1}
		{94813D75-0291-450F-A7BD-D3161FF4A2CB} = {4673179F-A739-4669-A4BF-510EC72CD692}
		{39260B5D-306E-469B-BAE5-58C088BDD447} = {F689D4EA-0D04-4338-8912-6A310F1E1036}
		{5A32B58D-1E86-409A-8258-AEA0F0A07123} = {B807E65A-A87C-47AF-8BAA-CC4519383DD9}
		{6BCAF9C4-F47C-4B0D-BE37-063EEC1A11D2} = {60440AF9-3F82-49BB-9325-61270403ABED}
		{F9577A2E-2D01-4419-979E-0A85A425C404} = {60440AF9-3F82-49BB-9325-61270403ABED}
	EndGlobalSection
EndGlobal
